
Microsoft Visual Studio Solution File, Format Version 12.00
# Visual Studio Version 17
VisualStudioVersion = 17.9.34622.214
MinimumVisualStudioVersion = 10.0.40219.1
Project("{FAE04EC0-301F-11D3-BF4B-00C04F79EFBC}") = "TiendaOnline", "TiendaOnline\TiendaOnline.csproj", "{AEF1687C-439B-4573-A1BE-D48A58CE7482}"
EndProject
Global
	GlobalSection(SolutionConfigurationPlatforms) = preSolution
		Debug|Any CPU = Debug|Any CPU
		Release|Any CPU = Release|Any CPU
	EndGlobalSection
	GlobalSection(ProjectConfigurationPlatforms) = postSolution
		{AEF1687C-439B-4573-A1BE-D48A58CE7482}.Debug|Any CPU.ActiveCfg = Debug|Any CPU
		{AEF1687C-439B-4573-A1BE-D48A58CE7482}.Debug|Any CPU.Build.0 = Debug|Any CPU
		{AEF1687C-439B-4573-A1BE-D48A58CE7482}.Release|Any CPU.ActiveCfg = Release|Any CPU
		{AEF1687C-439B-4573-A1BE-D48A58CE7482}.Release|Any CPU.Build.0 = Release|Any CPU
	EndGlobalSection
	GlobalSection(SolutionProperties) = preSolution
		HideSolutionNode = FALSE
	EndGlobalSection
	GlobalSection(ExtensibilityGlobals) = postSolution
		SolutionGuid = {12098FA8-BB98-4443-892A-5C3DD63C1295}
	EndGlobalSection
EndGlobal
